
Microsoft Visual Studio Solution File, Format Version 12.00
# Visual Studio Version 16
VisualStudioVersion = 16.0.29519.87
MinimumVisualStudioVersion = 10.0.40219.1
Project("{8BC9CEB8-8B4A-11D0-8D11-00A0C91BC942}") = "22", "22\22.vcxproj", "{E803B023-E771-4C3C-B3BE-C5E4C60EA7B7}"
EndProject
Global
	GlobalSection(SolutionConfigurationPlatforms) = preSolution
		Debug|x64 = Debug|x64
		Debug|x86 = Debug|x86
		Release|x64 = Release|x64
		Release|x86 = Release|x86
	EndGlobalSection
	GlobalSection(ProjectConfigurationPlatforms) = postSolution
		{E803B023-E771-4C3C-B3BE-C5E4C60EA7B7}.Debug|x64.ActiveCfg = Debug|x64
		{E803B023-E771-4C3C-B3BE-C5E4C60EA7B7}.Debug|x64.Build.0 = Debug|x64
		{E803B023-E771-4C3C-B3BE-C5E4C60EA7B7}.Debug|x86.ActiveCfg = Debug|Win32
		{E803B023-E771-4C3C-B3BE-C5E4C60EA7B7}.Debug|x86.Build.0 = Debug|Win32
		{E803B023-E771-4C3C-B3BE-C5E4C60EA7B7}.Release|x64.ActiveCfg = Release|x64
		{E803B023-E771-4C3C-B3BE-C5E4C60EA7B7}.Release|x64.Build.0 = Release|x64
		{E803B023-E771-4C3C-B3BE-C5E4C60EA7B7}.Release|x86.ActiveCfg = Release|Win32
		{E803B023-E771-4C3C-B3BE-C5E4C60EA7B7}.Release|x86.Build.0 = Release|Win32
	EndGlobalSection
	GlobalSection(SolutionProperties) = preSolution
		HideSolutionNode = FALSE
	EndGlobalSection
	GlobalSection(ExtensibilityGlobals) = postSolution
		SolutionGuid = {D3EA7A61-1ED4-4F81-9580-37B58CBD42C7}
	EndGlobalSection
EndGlobal
